{
  "version": "3",
  "redirects": {
    "https://git.quack.id/core/tpls.ts": "https://raw.githubusercontent.com/quackware/core/master/tpls.ts",
    "https://git.quack.id/github/src/octokit-token.ts": "https://raw.githubusercontent.com/quackware/github/master/src/octokit-token.ts",
    "https://git.quack.id/guards/mod.ts": "https://raw.githubusercontent.com/quackware/guards/master/mod.ts",
    "https://git.quack.id/json-schema/mod.ts": "https://raw.githubusercontent.com/quackware/json-schema/master/mod.ts"
  },
  "remote": {
    "https://cdn.skypack.dev/-/shiki-es@v0.1.2-TqmPgx9Qy0aQbm2T4X43/dist=es2019,mode=imports/optimized/shiki-es.js": "14de9dd0828c756352f593a224436920edd16d3b5df6280b9c398ceebb5d6739",
    "https://cdn.skypack.dev/shiki-es@0.1.2?dts": "8e4729c8c55ac1363f1844e4344dd7ba29d7900b7085b11ce9e304ebda98af12",
    "https://deno.land/std@0.106.0/encoding/base64.ts": "eecae390f1f1d1cae6f6c6d732ede5276bf4b9cd29b1d281678c054dc5cc009e",
    "https://deno.land/std@0.173.0/_util/asserts.ts": "178dfc49a464aee693a7e285567b3d0b555dc805ff490505a8aae34f9cfb1462",
    "https://deno.land/std@0.173.0/_util/os.ts": "d932f56d41e4f6a6093d56044e29ce637f8dcc43c5a90af43504a889cf1775e3",
    "https://deno.land/std@0.173.0/bytes/index_of_needle.ts": "65c939607df609374c4415598fa4dad04a2f14c4d98cd15775216f0aaf597f24",
    "https://deno.land/std@0.173.0/encoding/base64.ts": "7de04c2f8aeeb41453b09b186480be90f2ff357613b988e99fabb91d2eeceba1",
    "https://deno.land/std@0.173.0/encoding/base64url.ts": "3f1178f6446834457b16bfde8b559c1cd3481727fe384d3385e4a9995dc2d851",
    "https://deno.land/std@0.173.0/node/_core.ts": "8667bf9129cdcbaac6f5c14f4def45ca954928baaa697a0ffdb0ee1556d4c644",
    "https://deno.land/std@0.173.0/node/_utils.ts": "7fd55872a0cf9275e3c080a60e2fa6d45b8de9e956ebcde9053e72a344185884",
    "https://deno.land/std@0.173.0/node/buffer.ts": "85617be2063eccaf177dbb84c7580d1e32023724ed14bd9df4e453b152a26167",
    "https://deno.land/std@0.173.0/node/internal/buffer.mjs": "e92303a3cc6d9aaabcd270a937ad9319825d9ba08cb332650944df4562029b27",
    "https://deno.land/std@0.173.0/node/internal/crypto/_keys.ts": "8f3c3b5a141aa0331a53c205e9338655f1b3b307a08085fd6ff6dda6f7c4190b",
    "https://deno.land/std@0.173.0/node/internal/crypto/constants.ts": "544d605703053218499b08214f2e25cf4310651d535b7ab995891c4b7a217693",
    "https://deno.land/std@0.173.0/node/internal/error_codes.ts": "8495e33f448a484518d76fa3d41d34fc20fe03c14b30130ad8e936b0035d4b8b",
    "https://deno.land/std@0.173.0/node/internal/errors.ts": "1c699b8a3cb93174f697a348c004b1c6d576b66688eac8a48ebb78e65c720aae",
    "https://deno.land/std@0.173.0/node/internal/hide_stack_frames.ts": "9dd1bad0a6e62a1042ce3a51eb1b1ecee2f246907bff44835f86e8f021de679a",
    "https://deno.land/std@0.173.0/node/internal/normalize_encoding.mjs": "fd1d9df61c44d7196432f6e8244621468715131d18cc79cd299fc78ac549f707",
    "https://deno.land/std@0.173.0/node/internal/primordials.mjs": "a72d86b5aa55d3d50b8e916b6a59b7cc0dc5a31da8937114b4a113ad5aa08c74",
    "https://deno.land/std@0.173.0/node/internal/util.mjs": "f7fe2e1ca5e66f550ad0856b9f5ee4d666f0c071fe212ea7fc7f37cfa81f97a5",
    "https://deno.land/std@0.173.0/node/internal/util/inspect.mjs": "11d7c9cab514b8e485acc3978c74b837263ff9c08ae4537fa18ad56bae633259",
    "https://deno.land/std@0.173.0/node/internal/util/types.ts": "4f3625ea39111eaae1443c834e769b0c5ce9ea33b31d5a853b02af6a78105178",
    "https://deno.land/std@0.173.0/node/internal/validators.mjs": "e02f2b02dd072a5d623970292588d541204dc82207b4c58985d933a5f4b382e6",
    "https://deno.land/std@0.173.0/node/internal_binding/_libuv_winerror.ts": "30c9569603d4b97a1f1a034d88a3f74800d5ea1f12fcc3d225c9899d4e1a518b",
    "https://deno.land/std@0.173.0/node/internal_binding/_node.ts": "cb2389b0eab121df99853eb6a5e3a684e4537e065fb8bf2cca0cbf219ce4e32e",
    "https://deno.land/std@0.173.0/node/internal_binding/_utils.ts": "7c58a2fbb031a204dee9583ba211cf9c67922112fe77e7f0b3226112469e9fe1",
    "https://deno.land/std@0.173.0/node/internal_binding/_winerror.ts": "3e8cfdfe22e89f13d2b28529bab35155e6b1730c0221ec5a6fc7077dc037be13",
    "https://deno.land/std@0.173.0/node/internal_binding/buffer.ts": "31729e0537921d6c730ad0afea44a7e8a0a1044d070ade8368226cb6f7390c8b",
    "https://deno.land/std@0.173.0/node/internal_binding/constants.ts": "21ff9d1ee71d0a2086541083a7711842fc6ae25e264dbf45c73815aadce06f4c",
    "https://deno.land/std@0.173.0/node/internal_binding/string_decoder.ts": "54c3c1cbd5a9254881be58bf22637965dc69535483014dab60487e299cb95445",
    "https://deno.land/std@0.173.0/node/internal_binding/types.ts": "5a658bf08975af30d0fad6fa6247274379be26ba3f023425bec03e61c74083ef",
    "https://deno.land/std@0.173.0/node/internal_binding/util.ts": "808ff3b92740284184ab824adfc420e75398c88c8bccf5111f0c24ac18c48f10",
    "https://deno.land/std@0.173.0/node/internal_binding/uv.ts": "eb0048e30af4db407fb3f95563e30d70efd6187051c033713b0a5b768593a3a3",
    "https://deno.land/std@0.177.0/_util/asserts.ts": "178dfc49a464aee693a7e285567b3d0b555dc805ff490505a8aae34f9cfb1462",
    "https://deno.land/std@0.177.0/_util/os.ts": "d932f56d41e4f6a6093d56044e29ce637f8dcc43c5a90af43504a889cf1775e3",
    "https://deno.land/std@0.177.0/archive/_common.ts": "3fc6974d41f1d2e55edf839a4574db0b5e6f4f62abb6cc3d2c3ca13eb6d08b07",
    "https://deno.land/std@0.177.0/archive/tar.ts": "838baf680e545ed780eff41a4a90afff7557f2aec291d0f195d4ab2648b68b5c",
    "https://deno.land/std@0.177.0/archive/untar.ts": "b7bd29929ebc819cb5b7265d1e491e4061e31828b6235e8ff5ad17ddfb77d09e",
    "https://deno.land/std@0.177.0/bytes/bytes_list.ts": "b4cbdfd2c263a13e8a904b12d082f6177ea97d9297274a4be134e989450dfa6a",
    "https://deno.land/std@0.177.0/bytes/concat.ts": "d26d6f3d7922e6d663dacfcd357563b7bf4a380ce5b9c2bbe0c8586662f25ce2",
    "https://deno.land/std@0.177.0/bytes/copy.ts": "939d89e302a9761dcf1d9c937c7711174ed74c59eef40a1e4569a05c9de88219",
    "https://deno.land/std@0.177.0/bytes/ends_with.ts": "4228811ebc71615d27f065c54b5e815ec1972538772b0f413c0efe05245b472e",
    "https://deno.land/std@0.177.0/bytes/equals.ts": "b87494ce5442dc786db46f91378100028c402f83a14a2f7bbff6bda7810aefe3",
    "https://deno.land/std@0.177.0/bytes/includes_needle.ts": "76a8163126fb2f8bf86fd7f22192c3bb04bf6a20b987a095127c2ca08adf3ba6",
    "https://deno.land/std@0.177.0/bytes/index_of_needle.ts": "65c939607df609374c4415598fa4dad04a2f14c4d98cd15775216f0aaf597f24",
    "https://deno.land/std@0.177.0/bytes/last_index_of_needle.ts": "7181072883cb4908c6ce8f7a5bb1d96787eef2c2ab3aa94fe4268ab326a53cbf",
    "https://deno.land/std@0.177.0/bytes/mod.ts": "e869bba1e7a2e3a9cc6c2d55471888429a544e70a840c087672e656e7ba21815",
    "https://deno.land/std@0.177.0/bytes/repeat.ts": "6f5e490d8d72bcbf8d84a6bb04690b9b3eb5822c5a11687bca73a2318a842294",
    "https://deno.land/std@0.177.0/bytes/starts_with.ts": "3e607a70c9c09f5140b7a7f17a695221abcc7244d20af3eb47ccbb63f5885135",
    "https://deno.land/std@0.177.0/fmt/colors.ts": "938c5d44d889fb82eff6c358bea8baa7e85950a16c9f6dae3ec3a7a729164471",
    "https://deno.land/std@0.177.0/fs/_util.ts": "65381f341af1ff7f40198cee15c20f59951ac26e51ddc651c5293e24f9ce6f32",
    "https://deno.land/std@0.177.0/fs/copy.ts": "14214efd94fc3aa6db1e4af2b4b9578e50f7362b7f3725d5a14ad259a5df26c8",
    "https://deno.land/std@0.177.0/fs/empty_dir.ts": "c3d2da4c7352fab1cf144a1ecfef58090769e8af633678e0f3fabaef98594688",
    "https://deno.land/std@0.177.0/fs/ensure_dir.ts": "724209875497a6b4628dfb256116e5651c4f7816741368d6c44aab2531a1e603",
    "https://deno.land/std@0.177.0/fs/ensure_file.ts": "c38602670bfaf259d86ca824a94e6cb9e5eb73757fefa4ebf43a90dd017d53d9",
    "https://deno.land/std@0.177.0/fs/ensure_link.ts": "c0f5b2f0ec094ed52b9128eccb1ee23362a617457aa0f699b145d4883f5b2fb4",
    "https://deno.land/std@0.177.0/fs/ensure_symlink.ts": "2955cc8332aeca9bdfefd05d8d3976b94e282b0f353392a71684808ed2ffdd41",
    "https://deno.land/std@0.177.0/fs/eol.ts": "f1f2eb348a750c34500741987b21d65607f352cf7205f48f4319d417fff42842",
    "https://deno.land/std@0.177.0/fs/exists.ts": "b8c8a457b71e9d7f29b9d2f87aad8dba2739cbe637e8926d6ba6e92567875f8e",
    "https://deno.land/std@0.177.0/fs/expand_glob.ts": "45d17e89796a24bd6002e4354eda67b4301bb8ba67d2cac8453cdabccf1d9ab0",
    "https://deno.land/std@0.177.0/fs/mod.ts": "bc3d0acd488cc7b42627044caf47d72019846d459279544e1934418955ba4898",
    "https://deno.land/std@0.177.0/fs/move.ts": "4cb47f880e3f0582c55e71c9f8b1e5e8cfaacb5e84f7390781dd563b7298ec19",
    "https://deno.land/std@0.177.0/fs/walk.ts": "ea95ffa6500c1eda6b365be488c056edc7c883a1db41ef46ec3bf057b1c0fe32",
    "https://deno.land/std@0.177.0/io/buf_reader.ts": "90a7adcb3638d8e1361695cdf844d58bcd97c41711dc6f9f8acc0626ebe097f5",
    "https://deno.land/std@0.177.0/io/buffer.ts": "e2b7564f684dad625cab08f5106f33572d325705d19a36822b3272fbdfb8f726",
    "https://deno.land/std@0.177.0/io/multi_reader.ts": "5f7ef6e987486322b38c72e206b8fbc8916d55a87fbcdc97a8b2596386c28d44",
    "https://deno.land/std@0.177.0/path/_constants.ts": "e49961f6f4f48039c0dfed3c3f93e963ca3d92791c9d478ac5b43183413136e0",
    "https://deno.land/std@0.177.0/path/_interface.ts": "6471159dfbbc357e03882c2266d21ef9afdb1e4aa771b0545e90db58a0ba314b",
    "https://deno.land/std@0.177.0/path/_util.ts": "d7abb1e0dea065f427b89156e28cdeb32b045870acdf865833ba808a73b576d0",
    "https://deno.land/std@0.177.0/path/common.ts": "ee7505ab01fd22de3963b64e46cff31f40de34f9f8de1fff6a1bd2fe79380000",
    "https://deno.land/std@0.177.0/path/glob.ts": "d479e0a695621c94d3fd7fe7abd4f9499caf32a8de13f25073451c6ef420a4e1",
    "https://deno.land/std@0.177.0/path/mod.ts": "4b83694ac500d7d31b0cdafc927080a53dc0c3027eb2895790fb155082b0d232",
    "https://deno.land/std@0.177.0/path/posix.ts": "8b7c67ac338714b30c816079303d0285dd24af6b284f7ad63da5b27372a2c94d",
    "https://deno.land/std@0.177.0/path/separator.ts": "0fb679739d0d1d7bf45b68dacfb4ec7563597a902edbaf3c59b50d5bcadd93b1",
    "https://deno.land/std@0.177.0/path/win32.ts": "d186344e5583bcbf8b18af416d13d82b35a317116e6460a5a3953508c3de5bba",
    "https://deno.land/std@0.177.0/streams/read_all.ts": "bfa220b0e1d06fa4d0cb5178baba8f8b466019a7411511982bfa2320ca292815",
    "https://deno.land/std@0.177.0/streams/reader_from_stream_reader.ts": "3fda9390ec8520c8a9ea2aba2579208b18880a7663d7a9feec8f193b7af14e41",
    "https://deno.land/std@0.177.0/streams/write_all.ts": "3b2e1ce44913f966348ce353d02fa5369e94115181037cd8b602510853ec3033",
    "https://deno.land/std@0.181.0/_util/asserts.ts": "178dfc49a464aee693a7e285567b3d0b555dc805ff490505a8aae34f9cfb1462",
    "https://deno.land/std@0.181.0/_util/os.ts": "d932f56d41e4f6a6093d56044e29ce637f8dcc43c5a90af43504a889cf1775e3",
    "https://deno.land/std@0.181.0/async/abortable.ts": "fd682fa46f3b7b16b4606a5ab52a7ce309434b76f820d3221bdfb862719a15d7",
    "https://deno.land/std@0.181.0/async/deadline.ts": "c5facb0b404eede83e38bd2717ea8ab34faa2ffb20ef87fd261fcba32ba307aa",
    "https://deno.land/std@0.181.0/async/debounce.ts": "adab11d04ca38d699444ac8a9d9856b4155e8dda2afd07ce78276c01ea5a4332",
    "https://deno.land/std@0.181.0/async/deferred.ts": "42790112f36a75a57db4a96d33974a936deb7b04d25c6084a9fa8a49f135def8",
    "https://deno.land/std@0.181.0/async/delay.ts": "73aa04cec034c84fc748c7be49bb15cac3dd43a57174bfdb7a4aec22c248f0dd",
    "https://deno.land/std@0.181.0/async/mod.ts": "f04344fa21738e5ad6bea37a6bfffd57c617c2d372bb9f9dcfd118a1b622e576",
    "https://deno.land/std@0.181.0/async/mux_async_iterator.ts": "70c7f2ee4e9466161350473ad61cac0b9f115cff4c552eaa7ef9d50c4cbb4cc9",
    "https://deno.land/std@0.181.0/async/pool.ts": "fd082bd4aaf26445909889435a5c74334c017847842ec035739b4ae637ae8260",
    "https://deno.land/std@0.181.0/async/retry.ts": "dd19d93033d8eaddbfcb7654c0366e9d3b0a21448bdb06eba4a7d8a8cf936a92",
    "https://deno.land/std@0.181.0/async/tee.ts": "47e42d35f622650b02234d43803d0383a89eb4387e1b83b5a40106d18ae36757",
    "https://deno.land/std@0.181.0/datetime/to_imf.ts": "8f9c0af8b167031ffe2e03da01a12a3b0672cc7562f89c61942a0ab0129771b2",
    "https://deno.land/std@0.181.0/http/_negotiation/common.ts": "14d1a52427ab258a4b7161cd80e1d8a207b7cc64b46e911780f57ead5f4323c6",
    "https://deno.land/std@0.181.0/http/_negotiation/encoding.ts": "ff747d107277c88cb7a6a62a08eeb8d56dad91564cbcccb30694d5dc126dcc53",
    "https://deno.land/std@0.181.0/http/_negotiation/language.ts": "7bcddd8db3330bdb7ce4fc00a213c5547c1968139864201efd67ef2d0d51887d",
    "https://deno.land/std@0.181.0/http/_negotiation/media_type.ts": "58847517cd549384ad677c0fe89e0a4815be36fe7a303ea63cee5f6a1d7e1692",
    "https://deno.land/std@0.181.0/http/cookie.ts": "934f92d871d50852dbd7a836d721df5a9527b14381db16001b40991d30174ee4",
    "https://deno.land/std@0.181.0/http/cookie_map.ts": "d148a5eaf35f19905dd5104126fa47ac71105306dd42f129732365e43108b28a",
    "https://deno.land/std@0.181.0/http/http_errors.ts": "b9a18ef97d6c5966964de95e04d1f9f88a0f8bd8577c26fd402d9d632fb03a42",
    "https://deno.land/std@0.181.0/http/http_status.ts": "8a7bcfe3ac025199ad804075385e57f63d055b2aed539d943ccc277616d6f932",
    "https://deno.land/std@0.181.0/http/mod.ts": "10b293bcf24072aef2e57e0b91523822952134d5301405f64121bab178017bdc",
    "https://deno.land/std@0.181.0/http/negotiation.ts": "46e74a6bad4b857333a58dc5b50fe8e5a4d5267e97292293ea65f980bd918086",
    "https://deno.land/std@0.181.0/http/server.ts": "cbb17b594651215ba95c01a395700684e569c165a567e4e04bba327f41197433",
    "https://deno.land/std@0.181.0/http/server_sent_event.ts": "856764c8c058605bb618272833990b1f88b6de0dcc460f0f09749ba7e99dd656",
    "https://deno.land/std@0.181.0/path/_constants.ts": "e49961f6f4f48039c0dfed3c3f93e963ca3d92791c9d478ac5b43183413136e0",
    "https://deno.land/std@0.181.0/path/_interface.ts": "6471159dfbbc357e03882c2266d21ef9afdb1e4aa771b0545e90db58a0ba314b",
    "https://deno.land/std@0.181.0/path/_util.ts": "d7abb1e0dea065f427b89156e28cdeb32b045870acdf865833ba808a73b576d0",
    "https://deno.land/std@0.181.0/path/common.ts": "ee7505ab01fd22de3963b64e46cff31f40de34f9f8de1fff6a1bd2fe79380000",
    "https://deno.land/std@0.181.0/path/glob.ts": "d479e0a695621c94d3fd7fe7abd4f9499caf32a8de13f25073451c6ef420a4e1",
    "https://deno.land/std@0.181.0/path/mod.ts": "bf718f19a4fdd545aee1b06409ca0805bd1b68ecf876605ce632e932fe54510c",
    "https://deno.land/std@0.181.0/path/posix.ts": "8b7c67ac338714b30c816079303d0285dd24af6b284f7ad63da5b27372a2c94d",
    "https://deno.land/std@0.181.0/path/separator.ts": "0fb679739d0d1d7bf45b68dacfb4ec7563597a902edbaf3c59b50d5bcadd93b1",
    "https://deno.land/std@0.181.0/path/win32.ts": "d186344e5583bcbf8b18af416d13d82b35a317116e6460a5a3953508c3de5bba",
    "https://deno.land/std@0.210.0/assert/assert.ts": "e265ad50a9341f3b40e51dd4cb41ab253d976943ba78a977106950e52e0302ab",
    "https://deno.land/std@0.210.0/assert/assertion_error.ts": "26ed1863d905005f00785c89750c001c3522c5417e4f58f95044b8143cfc1593",
    "https://deno.land/std@0.210.0/bytes/concat.ts": "148a7575649e4a06246203f725f4878dce08690cc33c448f1000632e7a050449",
    "https://deno.land/std@0.210.0/bytes/copy.ts": "939d89e302a9761dcf1d9c937c7711174ed74c59eef40a1e4569a05c9de88219",
    "https://deno.land/std@0.210.0/io/buffer.ts": "b2ea4d33cd8d1f306d720a4768676382b9462fc0d0cf56b5f7bc2a33ea423b10",
    "https://deno.land/std@0.210.0/streams/_common.ts": "3b2c1f0287ce2ad51fff4091a7d0f48375c85b0ec341468e76d5ac13bb0014dd",
    "https://deno.land/std@0.210.0/streams/buffer.ts": "f74da2f5aeafd444530dcdb7a79047393d5359cbe5ec4dd806a005f1ca7dc73e",
    "https://deno.land/std@0.210.0/streams/byte_slice_stream.ts": "ecf523d7ff665d554100de981058c60f5207ab718319244f7c742d9e1194fa64",
    "https://deno.land/std@0.210.0/streams/copy.ts": "1ec21a36d1290f3100d965fb3a37a136fc6d1698f3893decc24de10a9f040162",
    "https://deno.land/std@0.210.0/streams/delimiter_stream.ts": "b89d6ac032f825c93cd10c08a6e2cdf1d1455561262eb25e99c97730ffbf531e",
    "https://deno.land/std@0.210.0/streams/early_zip_readable_streams.ts": "e33ca3a207063a3dcd8e6f37d5a3f836712fdef7e923edab5678794c22115996",
    "https://deno.land/std@0.210.0/streams/iterate_reader.ts": "9eebdd8099d5645f3c82e6d61e9496d7b5c8579e921c1a7c009fd1881dc40596",
    "https://deno.land/std@0.210.0/streams/limited_bytes_transform_stream.ts": "89ad4789b80e7ac3aa460874194fb8b2a4552ce649a249d7a1fba1082a2b0592",
    "https://deno.land/std@0.210.0/streams/limited_transform_stream.ts": "c7ff76ab70d9cb16b2b7e99f2ac5adab8e9dbc618b7be36ed2452e2ad9f6fdfd",
    "https://deno.land/std@0.210.0/streams/merge_readable_streams.ts": "767b42770d58147cdddb9a4a805c02c56f57724d9157ff019c70b2459b545e57",
    "https://deno.land/std@0.210.0/streams/mod.ts": "e133c271474f1e9dc19f5c4959406f5c2101540c56a3e7d7abc6bdb7bcef807e",
    "https://deno.land/std@0.210.0/streams/read_all.ts": "ce30cb93f0b7977f912d60a30f1766929c2891efdb44a2679cfbc25cf8c60184",
    "https://deno.land/std@0.210.0/streams/readable_stream_from_reader.ts": "490200922e5806d68a9d141246fe4bbd4b868874415e46948c51aedb04c9aa83",
    "https://deno.land/std@0.210.0/streams/reader_from_iterable.ts": "6689c4699102f273747927b98c2fe2d4e13c4a434f48af76eca09725e00795fa",
    "https://deno.land/std@0.210.0/streams/reader_from_stream_reader.ts": "ac387c8826ee922a8e29afa9ba9add50dd9ac8ec6a21ba17dd52f43d369ee9b3",
    "https://deno.land/std@0.210.0/streams/text_delimiter_stream.ts": "58f00c97af9242ed46cca7090214682c3bc1fcb6506327d323fbb6aa31d390ca",
    "https://deno.land/std@0.210.0/streams/text_line_stream.ts": "e3bb7769ebd789a125ab8fecfc823c218ac6435aaff6257929bcc2e3f07817f0",
    "https://deno.land/std@0.210.0/streams/to_array_buffer.ts": "6a73bc04b0669bafa75df95dda5c369ae64041e9a4f3233ea11956b079c330ff",
    "https://deno.land/std@0.210.0/streams/to_blob.ts": "4c7188e070a0a82b36edc52176ef95c0e603d3855f618959b97e2543fb9dd07f",
    "https://deno.land/std@0.210.0/streams/to_json.ts": "a70f62c6b16fdd44d631a3a4c2afe4791670267f43013ffab3e64fcdac99bb63",
    "https://deno.land/std@0.210.0/streams/to_text.ts": "5b43bd0bdf4dcecd766019df541b3cc65e2e8fc2c68a7f7eb910c55735745eff",
    "https://deno.land/std@0.210.0/streams/to_transform_stream.ts": "d71d163cbf1d14c7d1c9edb3426175b30ce3018be1b20bf8ffac31d94f5e1cb4",
    "https://deno.land/std@0.210.0/streams/writable_stream_from_writer.ts": "5e43157b2c3d68c5610f699fb1e7d729339419a01a116283b62cd0b557e7b245",
    "https://deno.land/std@0.210.0/streams/write_all.ts": "af86903af1ca8bc443bf615c2d3847afd2687ffc1b91c128e28461d5f4f86769",
    "https://deno.land/std@0.210.0/streams/writer_from_stream_writer.ts": "fa3713a78892671246c9b30c2d1d536cebc313c7c72d1216a4b1498f6041eec0",
    "https://deno.land/std@0.210.0/streams/zip_readable_streams.ts": "5ceff68e74be552da3a769512b9e8776303f9488c625409c9eef994a1c9af8d7",
    "https://deno.land/x/canvas@v1.4.1/deps.ts": "e956026d98094946166e06d7b799290b732db015813870d84e04e33ab88e98f3",
    "https://deno.land/x/canvas@v1.4.1/mod.ts": "a4e16972647ceafef58612a377a218372454c99d2c9da615a132694597114f80",
    "https://deno.land/x/canvas@v1.4.1/src/base64.ts": "0928031fdba0c43b617154fbe2eb7578366460c04da1422933ae5e936d3d0349",
    "https://deno.land/x/canvas@v1.4.1/src/canvas.ts": "58119999b04f68ebeed2627485c5c24c5b0c029707edde0b6568814f9049a3a8",
    "https://deno.land/x/canvas@v1.4.1/src/canvaskit.ts": "c3d807472cbb3e1d9fc01bb43ff974ef796c4b010178d1595be5fa793cce5e7d",
    "https://deno.land/x/canvas@v1.4.1/src/color_util.ts": "28f1072f0a5acbe7add7fac2f452311a47b44c080806fc4057de2d2e405c6c1c",
    "https://deno.land/x/canvas@v1.4.1/src/lib.js": "bb21711589bfbc8997b455cdf53e3150e23289f3b44809188041b1d2fc7924fa",
    "https://deno.land/x/canvas@v1.4.1/src/types.ts": "67d5800f8f4b0a407e0251676a03ae91b5f50a3ed53e6b72dc5984113cb93128",
    "https://deno.land/x/canvas@v1.4.1/src/wasm.js": "449d72cc14fc4142a5853f944df49a744d852981d09c5515528ede8aebb0afda",
    "https://deno.land/x/dax@0.28.0/mod.ts": "f4c234d5dd6f2f8c2a1adbc79828288a152662f593e9b33cb88e523f65406759",
    "https://deno.land/x/dax@0.28.0/src/command.ts": "0cb8a5ba2748423355e7e86e6150aba3b2672b09700715a551fcbd21df49f159",
    "https://deno.land/x/dax@0.28.0/src/command_handler.ts": "d32dafb16ec21d673aef9eb1dfde435ab5b139a2d0f0de5c6afa6c849121b3bd",
    "https://deno.land/x/dax@0.28.0/src/commands/args.ts": "a138aef24294e3cbf13cef08f4836d018e8dd99fd06ad82e7e7f08ef680bbc1d",
    "https://deno.land/x/dax@0.28.0/src/commands/cd.ts": "15a75fb42646445fb6a061af1f52c63253c7c45accdbc801a92a5b00f1cf212c",
    "https://deno.land/x/dax@0.28.0/src/commands/cp_mv.ts": "58205a82a9404e444c7c5caf98b5dd2b350c668c0b421546a038b76ea8b6a53d",
    "https://deno.land/x/dax@0.28.0/src/commands/echo.ts": "2af0b8f33a688a972540848487cb6a045debe504edcc5eb40bd9eb4aad6058c4",
    "https://deno.land/x/dax@0.28.0/src/commands/exit.ts": "36759cba6494062891216794bffa61803a6d547fe05a5a5da76a7daa31b8968a",
    "https://deno.land/x/dax@0.28.0/src/commands/export.ts": "b6ecad1203cfe606d69da6c16736f31acf211e864e6822484d85cea1cb7d5528",
    "https://deno.land/x/dax@0.28.0/src/commands/mkdir.ts": "9381ecdc0e0203d941f89027b6ef2865393bf0a66670bf5f5aaa6a49669244c7",
    "https://deno.land/x/dax@0.28.0/src/commands/pwd.ts": "5438aea979027bfa5c64c2a7f1073389735ea986f6abe2174ec21bcb70a2156f",
    "https://deno.land/x/dax@0.28.0/src/commands/rm.ts": "d911ff4e2e0b3d3c5d426c7b735313741ad762d9e25a743f101a1b05447eecf8",
    "https://deno.land/x/dax@0.28.0/src/commands/sleep.ts": "61e454eb033912f19c2a15e8c15462fcc5cbc343c1fb4979093b9042899e7016",
    "https://deno.land/x/dax@0.28.0/src/commands/test.ts": "e54fcfd68cabe9b7743de7015eabcd6c8509c02def41477edc2fcd90b92050ce",
    "https://deno.land/x/dax@0.28.0/src/commands/touch.ts": "5953dbde8732da47ade9b7554a638ea06a8b67a59842e638fb79f7aebe392650",
    "https://deno.land/x/dax@0.28.0/src/common.ts": "c0e809c591400dbadb25197f2819c59fec6b897c94c1aba6a026d5d1eee9cb53",
    "https://deno.land/x/dax@0.28.0/src/console/confirm.ts": "d9128d10b77fcc0a8df2784f71c79df68f5c8e00a34b04547b9ba9ddf1c97f96",
    "https://deno.land/x/dax@0.28.0/src/console/logger.ts": "e0ab5025915cef70df03681c756e211f25bb2e4331f82ed4256b17ddd9e794ea",
    "https://deno.land/x/dax@0.28.0/src/console/mod.ts": "29ae1f8250b74a477e26a3b6ccf647badf5d8f8e2a9e6c4aa0d5df9e3bbbb273",
    "https://deno.land/x/dax@0.28.0/src/console/multiSelect.ts": "31003744e58f45f720271bd034d8cfba1055c954ba02d77a2f2eb21e4c1ed55a",
    "https://deno.land/x/dax@0.28.0/src/console/progress/format.ts": "15ddbb8051580f88ed499281e12ca6f881f875ab73268d7451d7113ee130bd7d",
    "https://deno.land/x/dax@0.28.0/src/console/progress/interval.ts": "80188d980a27c2eb07c31324365118af549641442f0752fe7c3b0c91832e5046",
    "https://deno.land/x/dax@0.28.0/src/console/progress/mod.ts": "df1017c87a33c3b0152422e753ea203aa706b9e5570a3930a6fce6f86ee2bcf5",
    "https://deno.land/x/dax@0.28.0/src/console/prompt.ts": "78c645b41a7562133d05a10901ae4d682cb22bfaf0b5a21cc8475ca2a946aee1",
    "https://deno.land/x/dax@0.28.0/src/console/select.ts": "c9d7124d975bf34d52ea1ac88fd610ed39db8ee6505b9bb53f371cef2f56c6ab",
    "https://deno.land/x/dax@0.28.0/src/console/utils.ts": "954c99397dcd2cb3f1ccf50055085f17c9ffb31b25b3c5719776de81e23935f4",
    "https://deno.land/x/dax@0.28.0/src/deps.ts": "258c5b7229fcea67bef138465b0053b045ced0674c65496b9e7e898d9a7742f1",
    "https://deno.land/x/dax@0.28.0/src/lib/mod.ts": "c8e9ca527dacf1e5a0132f07c6d0e4b4bc6f86b6c83694316fb5805f325dd9fe",
    "https://deno.land/x/dax@0.28.0/src/lib/rs_lib.generated.js": "22f6813fc63f7ae7f01f2fdec892f66831d858fc376fd57ab018be9a78bbb5fd",
    "https://deno.land/x/dax@0.28.0/src/path.ts": "2512ec9e7f682624052373c210c99da77687df434ea32b36ee7e259ffa03a6c0",
    "https://deno.land/x/dax@0.28.0/src/pipes.ts": "3aa984c0d031f4221953e228ba89452a86068a80d2811fddb9c60737cd4ab174",
    "https://deno.land/x/dax@0.28.0/src/request.ts": "66a1b19301e0e3b918b8982836ce1d071e2555e7d02a4c31cec8f9d3221c5f9d",
    "https://deno.land/x/dax@0.28.0/src/result.ts": "db83149d543f8b0625319f5169ec654faca6da42a046e75e7722a00cc5a7ea72",
    "https://deno.land/x/dax@0.28.0/src/shell.ts": "55e60cc0017a4a31833c390971381cce3875a17bc3b6430dfd976d035831871f",
    "https://deno.land/x/dir@1.5.1/data_local_dir/mod.ts": "91eb1c4bfadfbeda30171007bac6d85aadacd43224a5ed721bbe56bc64e9eb66",
    "https://deno.land/x/hono@v2.7.3/compose.ts": "6cf42a9779df9bb53294f796f07796961e2d70ed348cf0dd334669ac2de2fd95",
    "https://deno.land/x/hono@v2.7.3/context.ts": "b9e96e376b48b9e36f6f6ae44faec5f8f56157d8d571c98faa3f7f8495ffac9b",
    "https://deno.land/x/hono@v2.7.3/deno/serve-static.ts": "5460ccc3ebeafd8a1e0e96826c6c47ce6e6ee965f1b7217f5f14f466bded28c6",
    "https://deno.land/x/hono@v2.7.3/hono.ts": "fb65306bcb9f42cbf9bcab79b9177f10779c6e3b3087e4d037b78e9c59fc6744",
    "https://deno.land/x/hono@v2.7.3/middleware.ts": "a1271fcd6a6d217e32d3110bb3a14073d7e36cb43faee951467826df5d987154",
    "https://deno.land/x/hono@v2.7.3/middleware/basic-auth/index.ts": "35c80427798695b8f2dc0cbb6a34ef2b2aa169a8f6c31c5541ba6489592172c7",
    "https://deno.land/x/hono@v2.7.3/middleware/bearer-auth/index.ts": "e875eef34dfe68b608f39aa5767f507a8545ab27c9ae6a27984e1797d2a5eb52",
    "https://deno.land/x/hono@v2.7.3/middleware/cache/index.ts": "5f0e80036cf2b68ad458ad40333cea80ac3ff52f0763ef36dae3917f2370675d",
    "https://deno.land/x/hono@v2.7.3/middleware/compress/index.ts": "0b8ddbd70688361d5ef4e9418afa28affe2500a7f41a231a87873dad26ef5548",
    "https://deno.land/x/hono@v2.7.3/middleware/cors/index.ts": "10a743dcc793204835a5299070e2afaabb7e81cb742262faa9f1181f5e5d65ac",
    "https://deno.land/x/hono@v2.7.3/middleware/etag/index.ts": "e679c30ddd2600087521a7c1dac3798c2319c09d203bb627b54357b984fc72e7",
    "https://deno.land/x/hono@v2.7.3/middleware/html/index.ts": "a5028d8170dcc030d003749e743213e6532ff65798b741b81220207abc9af82d",
    "https://deno.land/x/hono@v2.7.3/middleware/jsx/index.ts": "6f32fa400675fe89d834cd29132d021f88d8bcbe711004d6139718b00f8bdb23",
    "https://deno.land/x/hono@v2.7.3/middleware/jwt/index.ts": "7887ae3b0094505bbe0b25d01bb8ab4cea235babfcc1132dbdf91460d9a90401",
    "https://deno.land/x/hono@v2.7.3/middleware/logger/index.ts": "fc825765a0ffe1a2a062d7886bf1807d69b2bc6eeb0e585904d7d0132c7347a9",
    "https://deno.land/x/hono@v2.7.3/middleware/powered-by/index.ts": "7ec561885ac0410786f78aeb9789ed7869edb2d43c615cbc3d14f21baee87359",
    "https://deno.land/x/hono@v2.7.3/middleware/pretty-json/index.ts": "f4a4b2fa2ecb73e23da6f0ef716fe7d6a7f05c69f64dc7f89fc68cbcb204a87f",
    "https://deno.land/x/hono@v2.7.3/middleware/validator/index.ts": "15d56889c469479b64562c78e817e4e79fed1840018e00ee813d88c0bd811ff7",
    "https://deno.land/x/hono@v2.7.3/middleware/validator/middleware.ts": "4d1a9a46d82263bb16e5225d539a5130656e098ceab3fbebb3be683713970480",
    "https://deno.land/x/hono@v2.7.3/mod.ts": "a6f5fc79ba07e98e1918694cb96f78358e0e967def1184ddb941d3a905cd9fbd",
    "https://deno.land/x/hono@v2.7.3/request.ts": "eac11f9b5bb01ac3e3e301d59e8d9a23a85462f3a6283aafd76dae2aa8a5269a",
    "https://deno.land/x/hono@v2.7.3/router.ts": "21448bc2e6019574c10fae11237da4367037fa107e68bf3d049cd2fd0efd2adb",
    "https://deno.land/x/hono@v2.7.3/router/reg-exp-router/index.ts": "52755829213941756159b7a963097bafde5cc4fc22b13b1c7c9184dc0512d1db",
    "https://deno.land/x/hono@v2.7.3/router/reg-exp-router/node.ts": "08bb532ffe43e6e11510f9f66122baef43288f05f592b17987fc3a2dc195251a",
    "https://deno.land/x/hono@v2.7.3/router/reg-exp-router/router.ts": "b158d519d7bc5bbae6a8b099a8563c51b90c132116353967ab9bef7f6e86e446",
    "https://deno.land/x/hono@v2.7.3/router/reg-exp-router/trie.ts": "ab8a4ec6c3cdfdbcd1f53130db28b6174318bdfa815d57c792154203e71bc3d2",
    "https://deno.land/x/hono@v2.7.3/router/smart-router/index.ts": "74f9b4fe15ea535900f2b9b048581915f12fe94e531dd2b0032f5610e61c3bef",
    "https://deno.land/x/hono@v2.7.3/router/smart-router/router.ts": "1d54f5c87875d856ed5fc2d22a100e1ff31debe3e9d8e9b1cc18d8e5706239f2",
    "https://deno.land/x/hono@v2.7.3/router/static-router/index.ts": "f31aaebff3b2b05f00946d3a8b688289a43b5c2bfb124e54ffadeee6a24a1b52",
    "https://deno.land/x/hono@v2.7.3/router/static-router/router.ts": "75a15b2964dc90a46aed7b313f8760b60af5d5e8a819c3a948b4ad8d3fdb7662",
    "https://deno.land/x/hono@v2.7.3/router/trie-router/index.ts": "3eb75e7f71ba81801631b30de6b1f5cefb2c7239c03797e2b2cbab5085911b41",
    "https://deno.land/x/hono@v2.7.3/router/trie-router/node.ts": "514ef8e66a96d1ececc2823421d5a4001d59a1cec241bb545688716cba1e9dbb",
    "https://deno.land/x/hono@v2.7.3/router/trie-router/router.ts": "0a969528a0c1680b552b20f0ca90e484e968ac279be9d5fd952b61a804d680e7",
    "https://deno.land/x/hono@v2.7.3/utils/body.ts": "095afd5b9cd8458bb78353479911a428a23acbef1ffd545483f7b051c08a9fc0",
    "https://deno.land/x/hono@v2.7.3/utils/buffer.ts": "669673dee1963e93552de2c1daca367d97b6ed1b4acc03eecd06d1b471383a95",
    "https://deno.land/x/hono@v2.7.3/utils/cookie.ts": "545872bd7af3b455c24fd386ecbccfd161e7d4a0038d6b09b1bb22723602f90a",
    "https://deno.land/x/hono@v2.7.3/utils/crypto.ts": "bda0e141bbe46d3a4a20f8fbcb6380d473b617123d9fdfa93e4499410b537acc",
    "https://deno.land/x/hono@v2.7.3/utils/encode.ts": "c1f71f852fd3e0090e5cd3e85960285f533218038a92aa7d8a745b1db825bab1",
    "https://deno.land/x/hono@v2.7.3/utils/filepath.ts": "5f708bb6a2f0b8e83a3333868ac86abdfba15e52b46acb5e13018fa2138f0826",
    "https://deno.land/x/hono@v2.7.3/utils/html.ts": "636c4a04eaea1c52c14a37cd28d83cba66b293d1e31420a4475e951268901ae4",
    "https://deno.land/x/hono@v2.7.3/utils/http-status.ts": "2d6003e352c1fe918db663fa4bd2b20bf0b9d4e1699ba5e163f317f00b29d938",
    "https://deno.land/x/hono@v2.7.3/utils/json.ts": "ae34c6191e7a844f04a95efaffb177b6a15a3bc5b17321c5679081940df6ab1d",
    "https://deno.land/x/hono@v2.7.3/utils/jwt/index.ts": "5e4b82a42eb3603351dfce726cd781ca41cb57437395409d227131aec348d2d5",
    "https://deno.land/x/hono@v2.7.3/utils/jwt/jwt.ts": "4fefadfb914ad88282949d0cce2be16bdbd0b0614d15ecbb340c4fc47a9929b9",
    "https://deno.land/x/hono@v2.7.3/utils/jwt/types.ts": "715514fe59f0c37048b2940528bd4f4ec5795e04f0bc1d6d7e33f8d8bb1fe9de",
    "https://deno.land/x/hono@v2.7.3/utils/mime.ts": "d2f88124c998a1e0ce8a351081b3cb7ffd96224ddd2d5a0d4d69c02ba612f676",
    "https://deno.land/x/hono@v2.7.3/utils/object.ts": "f33b019691fb966d085545627cf471177a1ab334f4fbd489c01ba0df4c3de888",
    "https://deno.land/x/hono@v2.7.3/utils/url.ts": "120cfd1297f91dc269454ad4bc3fabb54593cd9994ec2e6c4f56b6d9018419a0",
    "https://deno.land/x/hono@v2.7.3/validator/rule.ts": "a6614973170e1e4b71e260a678c1b28aecfd17053273e59bf99f1382b4f74eaa",
    "https://deno.land/x/hono@v2.7.3/validator/sanitizer.ts": "da03fdd70baa6d2f178d616a9f35cea1028a15d1429339ee3c3f9eff9aded38f",
    "https://deno.land/x/hono@v2.7.3/validator/validator.ts": "e29a871c60f98cc393638d334194d21c8aafe461765301e441f5c0fce65fff4a",
    "https://deno.land/x/outdent@v0.8.0/src/index.ts": "6dc3df4108d5d6fedcdb974844d321037ca81eaaa16be6073235ff3268841a22",
    "https://deno.land/x/which@0.2.1/mod.ts": "2e076cb85aea9798662b355fb613d27eebcc78dfc8934ece4ae932f6303f6ca8",
    "https://esm.quack.id/@octokit/auth-app@4.0.5": "f1288c08ec067ccfdce23c8438cc67a414bc860665cad8f2a450147149819060",
    "https://esm.quack.id/@octokit/auth-token@3.0.1": "f4f19469575d2787f3a07033fc411b8255718b03994b1051f3a02e111eacd0ae",
    "https://esm.quack.id/@octokit/core@4.0.5": "80540e0e82aa398d18be5add7ef199fb7b6362ba120d8ea9c27b6ac5e3f66c1a",
    "https://esm.quack.id/@octokit/plugin-rest-endpoint-methods@6.5.0": "64fb7a62b0e5c9b4eea1308913d2cfd99038987bf80b0c8d1ed313e368d2a578",
    "https://esm.quack.id/@octokit/types@7.3.0": "237e69b15d6cac3e8772d34371dbf565232738118c6e43bddbce259585b16f1a",
    "https://esm.quack.id/@octokit/webhooks@10.1.5": "9e4db3e5dda7cc8e4a181a22df8d41ca7a447906a14387be09e005111f3a89ba",
    "https://esm.quack.id/@sinclair/typebox@0.32.1": "41b6988295e21846cf5bab65745416c2a8ead6bed6fed22433e13a09468203af",
    "https://esm.quack.id/@sinclair/typebox@0.32.1/compiler": "103d335b0213d2048314cb257e8fa48f42929c101b871a8715feefcb669e5302",
    "https://esm.quack.id/@sinclair/typebox@0.32.1/value": "e46cbb72e4df9229fd6497f5ea46d2e8da056a7e506a3aea5bd2d5bdd339b2e8",
    "https://esm.quack.id/github-project@3.0.0": "e6368ed2100ce7f3a5164aa6aec2a5a5aa6f1754ba7bb9a3fe4b9f0894c533b2",
    "https://esm.quack.id/json-joy@7.15.0/esm/json-pointer": "67ce53b583d427927e759b614a0422e5b08b7ec77e9817ec3b2a2ea73aeab858",
    "https://esm.quack.id/v135/@octokit/auth-app@4.0.5/denonext/auth-app.mjs": "377785f2d78d00c886bd2a219612792f5e0c8401d54233ec7d6c27864f1e9fef",
    "https://esm.quack.id/v135/@octokit/auth-oauth-app@5.0.5/denonext/auth-oauth-app.mjs": "64f65d7d55d120bdc0d30cdba8f613d49373c2a7e84d2f8a5d23f776ceffb575",
    "https://esm.quack.id/v135/@octokit/auth-oauth-device@4.0.4/denonext/auth-oauth-device.mjs": "7d49f43029e50222ee2779375b1b46784a6bdf45dfd4311b6f52bcde04852ef8",
    "https://esm.quack.id/v135/@octokit/auth-oauth-user@2.1.1/denonext/auth-oauth-user.mjs": "013ca9e20a05d328576396815fbdf9826013d2bcc123775d6227d7f3b6a5368b",
    "https://esm.quack.id/v135/@octokit/auth-token@3.0.1/denonext/auth-token.mjs": "7b3e226eda0804796f7b521e56ce6b467d449d601aa5df97fa52eff56b73f554",
    "https://esm.quack.id/v135/@octokit/auth-token@3.0.3/denonext/auth-token.mjs": "57922ac3a9108173d7184d1a44f950a957b78a997fcad9fad7be23fe86346415",
    "https://esm.quack.id/v135/@octokit/core@4.0.5/denonext/core.mjs": "ba03c92ef323eda376b4d8ff35cb4120ab1f721c4d9110841bf977a1dfee133b",
    "https://esm.quack.id/v135/@octokit/core@4.2.0/denonext/core.mjs": "0daa83e17f4be78614c870ee003f7f83f3e40f76a895006ef52e19dbeec1562d",
    "https://esm.quack.id/v135/@octokit/endpoint@7.0.5/denonext/endpoint.mjs": "00e737f16e27e6dd4bfdcf41be2e9c82fdc20889d8ea9821fb04295c72996657",
    "https://esm.quack.id/v135/@octokit/endpoint@7.0.6/denonext/endpoint.mjs": "81cceaa03ea04516bb0c8038ce0a142acf7e4769c130fe9f8e78dd8b2ea06aa3",
    "https://esm.quack.id/v135/@octokit/graphql@5.0.5/denonext/graphql.mjs": "57d3fcbce16123ecca11d76ed68b90a1ed0b54144e402b8fd08fb23c211f3028",
    "https://esm.quack.id/v135/@octokit/oauth-authorization-url@5.0.0/denonext/oauth-authorization-url.mjs": "406612f010b082fe06b95814d55e43eb6eab7e14c729b632d2f0702f8a6882d2",
    "https://esm.quack.id/v135/@octokit/oauth-methods@2.0.5/denonext/oauth-methods.mjs": "d6989ab3239a43f9d40b65284fa5998b123854bed2bdd0227157b29d0cb570ec",
    "https://esm.quack.id/v135/@octokit/plugin-rest-endpoint-methods@6.5.0/denonext/plugin-rest-endpoint-methods.mjs": "fe6a5323494b164471318aca2a21c11f30210fca92f71a6462bb80dfe4bea595",
    "https://esm.quack.id/v135/@octokit/request-error@3.0.3/denonext/request-error.mjs": "560f7ca6baa246fb7d0117ac088be8312382a2fc7d312c85b467b0d2cbd6d8bd",
    "https://esm.quack.id/v135/@octokit/request@6.2.3/denonext/request.mjs": "01b573e36e3389e01660bb5cdc9c72d6e2d808154d66536224387a9bbb74794f",
    "https://esm.quack.id/v135/@octokit/request@6.2.8/denonext/request.mjs": "0621d26bbfb4a78c4965cb787575ba631ecf01dfc16539e9ce51cbb15948c40f",
    "https://esm.quack.id/v135/@octokit/types@7.3.0/denonext/types.mjs": "cd560314eebf0b6906d040c13c5a9589738a2f06e4963244700cd0141c6b0ac8",
    "https://esm.quack.id/v135/@octokit/webhooks-methods@3.0.2/denonext/webhooks-methods.mjs": "3d7426f9e81c0e727dfce1edfbf6ee5c85d803bf159b1ea582483033f96de183",
    "https://esm.quack.id/v135/@octokit/webhooks@10.1.5/denonext/webhooks.mjs": "cedea0f46e34449b1cb184dd3aac3cb68319e58a7d712f86cfb49bd9fd74d295",
    "https://esm.quack.id/v135/@sinclair/typebox@0.32.1/denonext/compiler.js": "39ffe05feab55878ce0e1d0442406e1d0f38b501ec1811a48244ddd6f9c36d60",
    "https://esm.quack.id/v135/@sinclair/typebox@0.32.1/denonext/typebox.mjs": "f208b5a2ea5c4f5daf8a01f9089c31a26cdc22b69f2af1d9fd611a47548fc54f",
    "https://esm.quack.id/v135/@sinclair/typebox@0.32.1/denonext/value.js": "b93b4ebbbd566a120876372a117118bc836756cdf0817874a29c53232f47767b",
    "https://esm.quack.id/v135/aggregate-error@3.1.0/denonext/aggregate-error.mjs": "7f1b0c33a6a93091f69cf635c21670b53e1cc5f8dde9042ad7e4fbf371237aba",
    "https://esm.quack.id/v135/before-after-hook@2.2.3/denonext/before-after-hook.mjs": "f4262d059d899d7fcaa8d903bcf352df38ac1c040bb45273d79de200ffdad267",
    "https://esm.quack.id/v135/btoa-lite@1.0.0/denonext/btoa-lite.mjs": "5f8ecdf77c8824225e30cf84b62ded0fa667ef51fe1a8b772b1ddf46410bf78f",
    "https://esm.quack.id/v135/clean-stack@2.2.0/denonext/clean-stack.mjs": "8a2732fd195c0663d9f8a3957932215f3d4cb45dbe2f4747c9f39a966a4f067b",
    "https://esm.quack.id/v135/deprecation@2.3.1/denonext/deprecation.mjs": "0bf7139d1068345709e59dddb4daea315691d290a8c896a6e076dea02dd66eaf",
    "https://esm.quack.id/v135/github-project@3.0.0/denonext/github-project.mjs": "331480f10d382766ed477f9ad7df3d29ca91e839cc64d0711651491a21a2a6f2",
    "https://esm.quack.id/v135/indent-string@4.0.0/denonext/indent-string.mjs": "de4038b836a42fe2a7c453bd0b44cdae706a9560bbef99b1857c13f9d55ace14",
    "https://esm.quack.id/v135/is-plain-object@5.0.0/denonext/is-plain-object.mjs": "6d9568ddc8b90de99a46c63e14984810280b6b021dc4e478803b3c240811985f",
    "https://esm.quack.id/v135/json-joy@7.15.0/denonext/esm/json-pointer.js": "293c38d77d8ebf8ec778f6a8edada577c9027f22e8c6a074112a5df0db0b9a30",
    "https://esm.quack.id/v135/lru-cache@6.0.0/denonext/lru-cache.mjs": "a2d6b3fe3b7dd1b9c5730c73fe10717741084e0bf2bc1edf68d555ed708f4668",
    "https://esm.quack.id/v135/node_fetch.js": "b11355358cf61343a3c30bd5942df60a3586d13e2c979b515164bfe851662798",
    "https://esm.quack.id/v135/once@1.4.0/denonext/once.mjs": "5ab9193c36609f6c5cf6f1e2e37dd952c87d8ff0b0267433c29b228a2c470cd5",
    "https://esm.quack.id/v135/universal-github-app-jwt@1.1.1/denonext/universal-github-app-jwt.mjs": "546280ef9d50e167172bc039c0c2f4348a728ae1732f467af726b08491d2ea18",
    "https://esm.quack.id/v135/universal-user-agent@6.0.0/denonext/universal-user-agent.mjs": "2969647abd054007e6d838dd2ecc7de9c513c18c43322dfa3de57eec8d2d6447",
    "https://esm.quack.id/v135/wrappy@1.0.2/denonext/wrappy.mjs": "3c31e4782e0307cf56b319fcec6110f925dafe6cb47a8fa23350d480f5fa8b06",
    "https://esm.quack.id/v135/yallist@4.0.0/denonext/yallist.mjs": "61f180d807dda50bac17028eda05d5722a3fecef6e98a9064e2353ea6864fd82",
    "https://raw.githubusercontent.com/quackware/core/master/tpls.ts": "62044e24fc8d363d102d85e21ba46a1527eb7e8141054ae94243b792dc6b1b7d",
    "https://raw.githubusercontent.com/quackware/github/master/deps.ts": "587ec2c5f8ef388251d3f6995560a8b28c5042ce90b09dedc869acb4849472a5",
    "https://raw.githubusercontent.com/quackware/github/master/src/get-token.ts": "eb7711d6f5744bb608e4747a9605144733e48ca385a666cbc3329ebc45864415",
    "https://raw.githubusercontent.com/quackware/github/master/src/octokit-token.ts": "10ccf8fb88015788f88458b8a076382d2bd751960c4d9011d5f02e75dfba02a7",
    "https://raw.githubusercontent.com/quackware/guards/master/array.ts": "ddcce6dd6bed88fe23adcc074d1735baa3b2bcc776f89020e117608e15c26e6b",
    "https://raw.githubusercontent.com/quackware/guards/master/mod.ts": "57c131b6148c8ec8ca7887f605489b3e087b5bb316f0f7b0600629c0c6356e88",
    "https://raw.githubusercontent.com/quackware/guards/master/object.ts": "b50d5528c4ee9884e53fd704c7815fe579ed5dccc1c420f3cb487ba8fa519bfb",
    "https://raw.githubusercontent.com/quackware/guards/master/string.ts": "9e69e6b4ad0e277a9842ab9ca1126f2ee841daf1bc9659672eaabb3db73e278b",
    "https://raw.githubusercontent.com/quackware/json-schema/master/mod.ts": "6d29ca797204a02d16d37725c4d8da653e4fd2ecb3e533984c05fd5d0281af90",
    "https://raw.githubusercontent.com/quackware/json-schema/master/src/json-pointer.ts": "889c12abdc64495004877fb618ff56629fd7a91873cd7a41f89cc57e31406b61",
    "https://raw.githubusercontent.com/quackware/json-schema/master/src/json-schema-2020-12.ts": "09a6f99f89a73040cfb8c4a4323c476a6afe2a532dd90fab3a0db34101cdbe29",
    "https://raw.githubusercontent.com/quackware/json-schema/master/src/json-schema.ts": "aa353cc23dc45fe0fb5286198f53f4ae517f858148bf7d4b1c2d463253c8fc33",
    "https://raw.githubusercontent.com/quackware/json-schema/master/src/traverse-schema.ts": "4bfa126d2ba813ecb891ada78f9ebc7a8c618231f77ad177c86ea6307e38d1e9",
    "https://raw.githubusercontent.com/quackware/json-schema/master/src/typebox.ts": "47a71a2cce51cc681c9a6b3c5fd3dc0c7880d86956589f29e829c5b2a0a5d502"
  }
}
